// !$*UTF8*$!
{
	archiveVersion = 1;
	classes = {
	};
	objectVersion = 51;
	objects = {

/* Begin PBXBuildFile section */
		2C7FB5835C96C3012227CDCA /* Pods_TestAPI_SwiftUITests.framework in Frameworks */ = {isa = PBXBuildFile; fileRef = C1E040BB4F0DC9C342AADCCE /* Pods_TestAPI_SwiftUITests.framework */; };
		4855B55B01AB09475434997F /* Pods_TestAPI_SwiftUI_TestAPI_SwiftUIUITests.framework in Frameworks */ = {isa = PBXBuildFile; fileRef = 999D3B38E20B28EBF778FDF6 /* Pods_TestAPI_SwiftUI_TestAPI_SwiftUIUITests.framework */; };
		D01417AF2560EEED0067C316 /* UserList.swift in Sources */ = {isa = PBXBuildFile; fileRef = D01417AE2560EEED0067C316 /* UserList.swift */; };
		D01417BC2560F7AD0067C316 /* Image_Extension.swift in Sources */ = {isa = PBXBuildFile; fileRef = D01417BB2560F7AD0067C316 /* Image_Extension.swift */; };
		D01417C4256104F70067C316 /* InputUserView.swift in Sources */ = {isa = PBXBuildFile; fileRef = D01417C3256104F70067C316 /* InputUserView.swift */; };
		D01417C9256135640067C316 /* ImagePicker.swift in Sources */ = {isa = PBXBuildFile; fileRef = D01417C8256135640067C316 /* ImagePicker.swift */; };
		D0933BB5255FD66700DDF37C /* UsersModel.swift in Sources */ = {isa = PBXBuildFile; fileRef = D0933BB4255FD66700DDF37C /* UsersModel.swift */; };
		D0933BBD255FD67500DDF37C /* UserViewModel.swift in Sources */ = {isa = PBXBuildFile; fileRef = D0933BBC255FD67500DDF37C /* UserViewModel.swift */; };
		D0D8C6BD255FCB5400690C9B /* TestAPI_SwiftUIApp.swift in Sources */ = {isa = PBXBuildFile; fileRef = D0D8C6BC255FCB5400690C9B /* TestAPI_SwiftUIApp.swift */; };
		D0D8C6BF255FCB5400690C9B /* UserListView.swift in Sources */ = {isa = PBXBuildFile; fileRef = D0D8C6BE255FCB5400690C9B /* UserListView.swift */; };
		D0D8C6C1255FCB5800690C9B /* Assets.xcassets in Resources */ = {isa = PBXBuildFile; fileRef = D0D8C6C0255FCB5800690C9B /* Assets.xcassets */; };
		D0D8C6C4255FCB5800690C9B /* Preview Assets.xcassets in Resources */ = {isa = PBXBuildFile; fileRef = D0D8C6C3255FCB5800690C9B /* Preview Assets.xcassets */; };
		D0D8C6CF255FCB5800690C9B /* TestAPI_SwiftUITests.swift in Sources */ = {isa = PBXBuildFile; fileRef = D0D8C6CE255FCB5800690C9B /* TestAPI_SwiftUITests.swift */; };
		D0D8C6DA255FCB5800690C9B /* TestAPI_SwiftUIUITests.swift in Sources */ = {isa = PBXBuildFile; fileRef = D0D8C6D9255FCB5800690C9B /* TestAPI_SwiftUIUITests.swift */; };
		D0ED622F2560D4510001EBFB /* UserRow.swift in Sources */ = {isa = PBXBuildFile; fileRef = D0ED622E2560D4510001EBFB /* UserRow.swift */; };
		DF4D308D964F88A5155B917B /* Pods_TestAPI_SwiftUI.framework in Frameworks */ = {isa = PBXBuildFile; fileRef = 69CB89296F50D654BB710DEF /* Pods_TestAPI_SwiftUI.framework */; };
/* End PBXBuildFile section */

/* Begin PBXContainerItemProxy section */
		D0D8C6CB255FCB5800690C9B /* PBXContainerItemProxy */ = {
			isa = PBXContainerItemProxy;
			containerPortal = D0D8C6B1255FCB5400690C9B /* Project object */;
			proxyType = 1;
			remoteGlobalIDString = D0D8C6B8255FCB5400690C9B;
			remoteInfo = TestAPI_SwiftUI;
		};
		D0D8C6D6255FCB5800690C9B /* PBXContainerItemProxy */ = {
			isa = PBXContainerItemProxy;
			containerPortal = D0D8C6B1255FCB5400690C9B /* Project object */;
			proxyType = 1;
			remoteGlobalIDString = D0D8C6B8255FCB5400690C9B;
			remoteInfo = TestAPI_SwiftUI;
		};
/* End PBXContainerItemProxy section */

/* Begin PBXFileReference section */
		69CB89296F50D654BB710DEF /* Pods_TestAPI_SwiftUI.framework */ = {isa = PBXFileReference; explicitFileType = wrapper.framework; includeInIndex = 0; path = Pods_TestAPI_SwiftUI.framework; sourceTree = BUILT_PRODUCTS_DIR; };
		999D3B38E20B28EBF778FDF6 /* Pods_TestAPI_SwiftUI_TestAPI_SwiftUIUITests.framework */ = {isa = PBXFileReference; explicitFileType = wrapper.framework; includeInIndex = 0; path = Pods_TestAPI_SwiftUI_TestAPI_SwiftUIUITests.framework; sourceTree = BUILT_PRODUCTS_DIR; };
		AB3E9034CCD6E763CC0167E0 /* Pods-TestAPI_SwiftUI-TestAPI_SwiftUIUITests.release.xcconfig */ = {isa = PBXFileReference; includeInIndex = 1; lastKnownFileType = text.xcconfig; name = "Pods-TestAPI_SwiftUI-TestAPI_SwiftUIUITests.release.xcconfig"; path = "Target Support Files/Pods-TestAPI_SwiftUI-TestAPI_SwiftUIUITests/Pods-TestAPI_SwiftUI-TestAPI_SwiftUIUITests.release.xcconfig"; sourceTree = "<group>"; };
		AC5D359B81726220BB8AE560 /* Pods-TestAPI_SwiftUITests.release.xcconfig */ = {isa = PBXFileReference; includeInIndex = 1; lastKnownFileType = text.xcconfig; name = "Pods-TestAPI_SwiftUITests.release.xcconfig"; path = "Target Support Files/Pods-TestAPI_SwiftUITests/Pods-TestAPI_SwiftUITests.release.xcconfig"; sourceTree = "<group>"; };
		C1E040BB4F0DC9C342AADCCE /* Pods_TestAPI_SwiftUITests.framework */ = {isa = PBXFileReference; explicitFileType = wrapper.framework; includeInIndex = 0; path = Pods_TestAPI_SwiftUITests.framework; sourceTree = BUILT_PRODUCTS_DIR; };
		C5925CDF58D59CE4E96548DF /* Pods-TestAPI_SwiftUI.release.xcconfig */ = {isa = PBXFileReference; includeInIndex = 1; lastKnownFileType = text.xcconfig; name = "Pods-TestAPI_SwiftUI.release.xcconfig"; path = "Target Support Files/Pods-TestAPI_SwiftUI/Pods-TestAPI_SwiftUI.release.xcconfig"; sourceTree = "<group>"; };
		C77CEDA7201870DF53B00821 /* Pods-TestAPI_SwiftUI-TestAPI_SwiftUIUITests.debug.xcconfig */ = {isa = PBXFileReference; includeInIndex = 1; lastKnownFileType = text.xcconfig; name = "Pods-TestAPI_SwiftUI-TestAPI_SwiftUIUITests.debug.xcconfig"; path = "Target Support Files/Pods-TestAPI_SwiftUI-TestAPI_SwiftUIUITests/Pods-TestAPI_SwiftUI-TestAPI_SwiftUIUITests.debug.xcconfig"; sourceTree = "<group>"; };
		D01417AE2560EEED0067C316 /* UserList.swift */ = {isa = PBXFileReference; lastKnownFileType = sourcecode.swift; path = UserList.swift; sourceTree = "<group>"; };
		D01417BB2560F7AD0067C316 /* Image_Extension.swift */ = {isa = PBXFileReference; lastKnownFileType = sourcecode.swift; path = Image_Extension.swift; sourceTree = "<group>"; };
		D01417C3256104F70067C316 /* InputUserView.swift */ = {isa = PBXFileReference; lastKnownFileType = sourcecode.swift; path = InputUserView.swift; sourceTree = "<group>"; };
		D01417C8256135640067C316 /* ImagePicker.swift */ = {isa = PBXFileReference; lastKnownFileType = sourcecode.swift; path = ImagePicker.swift; sourceTree = "<group>"; };
		D0933BB4255FD66700DDF37C /* UsersModel.swift */ = {isa = PBXFileReference; lastKnownFileType = sourcecode.swift; path = UsersModel.swift; sourceTree = "<group>"; };
		D0933BBC255FD67500DDF37C /* UserViewModel.swift */ = {isa = PBXFileReference; lastKnownFileType = sourcecode.swift; path = UserViewModel.swift; sourceTree = "<group>"; };
		D0D8C6B9255FCB5400690C9B /* TestAPI_SwiftUI.app */ = {isa = PBXFileReference; explicitFileType = wrapper.application; includeInIndex = 0; path = TestAPI_SwiftUI.app; sourceTree = BUILT_PRODUCTS_DIR; };
		D0D8C6BC255FCB5400690C9B /* TestAPI_SwiftUIApp.swift */ = {isa = PBXFileReference; lastKnownFileType = sourcecode.swift; path = TestAPI_SwiftUIApp.swift; sourceTree = "<group>"; };
		D0D8C6BE255FCB5400690C9B /* UserListView.swift */ = {isa = PBXFileReference; lastKnownFileType = sourcecode.swift; path = UserListView.swift; sourceTree = "<group>"; };
		D0D8C6C0255FCB5800690C9B /* Assets.xcassets */ = {isa = PBXFileReference; lastKnownFileType = folder.assetcatalog; path = Assets.xcassets; sourceTree = "<group>"; };
		D0D8C6C3255FCB5800690C9B /* Preview Assets.xcassets */ = {isa = PBXFileReference; lastKnownFileType = folder.assetcatalog; path = "Preview Assets.xcassets"; sourceTree = "<group>"; };
		D0D8C6C5255FCB5800690C9B /* Info.plist */ = {isa = PBXFileReference; lastKnownFileType = text.plist.xml; path = Info.plist; sourceTree = "<group>"; };
		D0D8C6CA255FCB5800690C9B /* TestAPI_SwiftUITests.xctest */ = {isa = PBXFileReference; explicitFileType = wrapper.cfbundle; includeInIndex = 0; path = TestAPI_SwiftUITests.xctest; sourceTree = BUILT_PRODUCTS_DIR; };
		D0D8C6CE255FCB5800690C9B /* TestAPI_SwiftUITests.swift */ = {isa = PBXFileReference; lastKnownFileType = sourcecode.swift; path = TestAPI_SwiftUITests.swift; sourceTree = "<group>"; };
		D0D8C6D0255FCB5800690C9B /* Info.plist */ = {isa = PBXFileReference; lastKnownFileType = text.plist.xml; path = Info.plist; sourceTree = "<group>"; };
		D0D8C6D5255FCB5800690C9B /* TestAPI_SwiftUIUITests.xctest */ = {isa = PBXFileReference; explicitFileType = wrapper.cfbundle; includeInIndex = 0; path = TestAPI_SwiftUIUITests.xctest; sourceTree = BUILT_PRODUCTS_DIR; };
		D0D8C6D9255FCB5800690C9B /* TestAPI_SwiftUIUITests.swift */ = {isa = PBXFileReference; lastKnownFileType = sourcecode.swift; path = TestAPI_SwiftUIUITests.swift; sourceTree = "<group>"; };
		D0D8C6DB255FCB5800690C9B /* Info.plist */ = {isa = PBXFileReference; lastKnownFileType = text.plist.xml; path = Info.plist; sourceTree = "<group>"; };
		D0ED622E2560D4510001EBFB /* UserRow.swift */ = {isa = PBXFileReference; lastKnownFileType = sourcecode.swift; path = UserRow.swift; sourceTree = "<group>"; };
		E349AE32C5DACD15071B7FA3 /* Pods-TestAPI_SwiftUI.debug.xcconfig */ = {isa = PBXFileReference; includeInIndex = 1; lastKnownFileType = text.xcconfig; name = "Pods-TestAPI_SwiftUI.debug.xcconfig"; path = "Target Support Files/Pods-TestAPI_SwiftUI/Pods-TestAPI_SwiftUI.debug.xcconfig"; sourceTree = "<group>"; };
		F13D2470AF5D0141A1C9565F /* Pods-TestAPI_SwiftUITests.debug.xcconfig */ = {isa = PBXFileReference; includeInIndex = 1; lastKnownFileType = text.xcconfig; name = "Pods-TestAPI_SwiftUITests.debug.xcconfig"; path = "Target Support Files/Pods-TestAPI_SwiftUITests/Pods-TestAPI_SwiftUITests.debug.xcconfig"; sourceTree = "<group>"; };
/* End PBXFileReference section */

/* Begin PBXFrameworksBuildPhase section */
		D0D8C6B6255FCB5400690C9B /* Frameworks */ = {
			isa = PBXFrameworksBuildPhase;
			buildActionMask = 2147483647;
			files = (
				DF4D308D964F88A5155B917B /* Pods_TestAPI_SwiftUI.framework in Frameworks */,
			);
			runOnlyForDeploymentPostprocessing = 0;
		};
		D0D8C6C7255FCB5800690C9B /* Frameworks */ = {
			isa = PBXFrameworksBuildPhase;
			buildActionMask = 2147483647;
			files = (
				2C7FB5835C96C3012227CDCA /* Pods_TestAPI_SwiftUITests.framework in Frameworks */,
			);
			runOnlyForDeploymentPostprocessing = 0;
		};
		D0D8C6D2255FCB5800690C9B /* Frameworks */ = {
			isa = PBXFrameworksBuildPhase;
			buildActionMask = 2147483647;
			files = (
				4855B55B01AB09475434997F /* Pods_TestAPI_SwiftUI_TestAPI_SwiftUIUITests.framework in Frameworks */,
			);
			runOnlyForDeploymentPostprocessing = 0;
		};
/* End PBXFrameworksBuildPhase section */

/* Begin PBXGroup section */
		35B43951844CC352E23F333D /* Frameworks */ = {
			isa = PBXGroup;
			children = (
				69CB89296F50D654BB710DEF /* Pods_TestAPI_SwiftUI.framework */,
				999D3B38E20B28EBF778FDF6 /* Pods_TestAPI_SwiftUI_TestAPI_SwiftUIUITests.framework */,
				C1E040BB4F0DC9C342AADCCE /* Pods_TestAPI_SwiftUITests.framework */,
			);
			name = Frameworks;
			sourceTree = "<group>";
		};
		84E9DF46174CC9EA9F173A3C /* Pods */ = {
			isa = PBXGroup;
			children = (
				E349AE32C5DACD15071B7FA3 /* Pods-TestAPI_SwiftUI.debug.xcconfig */,
				C5925CDF58D59CE4E96548DF /* Pods-TestAPI_SwiftUI.release.xcconfig */,
				C77CEDA7201870DF53B00821 /* Pods-TestAPI_SwiftUI-TestAPI_SwiftUIUITests.debug.xcconfig */,
				AB3E9034CCD6E763CC0167E0 /* Pods-TestAPI_SwiftUI-TestAPI_SwiftUIUITests.release.xcconfig */,
				F13D2470AF5D0141A1C9565F /* Pods-TestAPI_SwiftUITests.debug.xcconfig */,
				AC5D359B81726220BB8AE560 /* Pods-TestAPI_SwiftUITests.release.xcconfig */,
			);
			path = Pods;
			sourceTree = "<group>";
		};
		D01417BA2560F7780067C316 /* Extensions */ = {
			isa = PBXGroup;
			children = (
				D01417BB2560F7AD0067C316 /* Image_Extension.swift */,
			);
			path = Extensions;
			sourceTree = "<group>";
		};
		D08C0B51255FD37B00A4356E /* Models */ = {
			isa = PBXGroup;
			children = (
				D0933BB4255FD66700DDF37C /* UsersModel.swift */,
			);
			path = Models;
			sourceTree = "<group>";
		};
		D08C0B52255FD39300A4356E /* ViewModels */ = {
			isa = PBXGroup;
			children = (
				D0933BBC255FD67500DDF37C /* UserViewModel.swift */,
			);
			path = ViewModels;
			sourceTree = "<group>";
		};
		D0D8C6B0255FCB5400690C9B = {
			isa = PBXGroup;
			children = (
				D0D8C6BB255FCB5400690C9B /* TestAPI_SwiftUI */,
				D0D8C6CD255FCB5800690C9B /* TestAPI_SwiftUITests */,
				D0D8C6D8255FCB5800690C9B /* TestAPI_SwiftUIUITests */,
				D0D8C6BA255FCB5400690C9B /* Products */,
				84E9DF46174CC9EA9F173A3C /* Pods */,
				35B43951844CC352E23F333D /* Frameworks */,
			);
			sourceTree = "<group>";
		};
		D0D8C6BA255FCB5400690C9B /* Products */ = {
			isa = PBXGroup;
			children = (
				D0D8C6B9255FCB5400690C9B /* TestAPI_SwiftUI.app */,
				D0D8C6CA255FCB5800690C9B /* TestAPI_SwiftUITests.xctest */,
				D0D8C6D5255FCB5800690C9B /* TestAPI_SwiftUIUITests.xctest */,
			);
			name = Products;
			sourceTree = "<group>";
		};
		D0D8C6BB255FCB5400690C9B /* TestAPI_SwiftUI */ = {
			isa = PBXGroup;
			children = (
				D0D8C6BC255FCB5400690C9B /* TestAPI_SwiftUIApp.swift */,
				D0ED622D2560D4280001EBFB /* Views */,
				D08C0B52255FD39300A4356E /* ViewModels */,
				D08C0B51255FD37B00A4356E /* Models */,
				D01417BA2560F7780067C316 /* Extensions */,
				D0D8C6C0255FCB5800690C9B /* Assets.xcassets */,
				D0D8C6C5255FCB5800690C9B /* Info.plist */,
				D0D8C6C2255FCB5800690C9B /* Preview Content */,
			);
			path = TestAPI_SwiftUI;
			sourceTree = "<group>";
		};
		D0D8C6C2255FCB5800690C9B /* Preview Content */ = {
			isa = PBXGroup;
			children = (
				D0D8C6C3255FCB5800690C9B /* Preview Assets.xcassets */,
			);
			path = "Preview Content";
			sourceTree = "<group>";
		};
		D0D8C6CD255FCB5800690C9B /* TestAPI_SwiftUITests */ = {
			isa = PBXGroup;
			children = (
				D0D8C6CE255FCB5800690C9B /* TestAPI_SwiftUITests.swift */,
				D0D8C6D0255FCB5800690C9B /* Info.plist */,
			);
			path = TestAPI_SwiftUITests;
			sourceTree = "<group>";
		};
		D0D8C6D8255FCB5800690C9B /* TestAPI_SwiftUIUITests */ = {
			isa = PBXGroup;
			children = (
				D0D8C6D9255FCB5800690C9B /* TestAPI_SwiftUIUITests.swift */,
				D0D8C6DB255FCB5800690C9B /* Info.plist */,
			);
			path = TestAPI_SwiftUIUITests;
			sourceTree = "<group>";
		};
		D0ED622D2560D4280001EBFB /* Views */ = {
			isa = PBXGroup;
			children = (
				D0D8C6BE255FCB5400690C9B /* UserListView.swift */,
				D01417AE2560EEED0067C316 /* UserList.swift */,
				D0ED622E2560D4510001EBFB /* UserRow.swift */,
				D01417C3256104F70067C316 /* InputUserView.swift */,
				D01417C8256135640067C316 /* ImagePicker.swift */,
			);
			path = Views;
			sourceTree = "<group>";
		};
/* End PBXGroup section */

/* Begin PBXNativeTarget section */
		D0D8C6B8255FCB5400690C9B /* TestAPI_SwiftUI */ = {
			isa = PBXNativeTarget;
			buildConfigurationList = D0D8C6DE255FCB5800690C9B /* Build configuration list for PBXNativeTarget "TestAPI_SwiftUI" */;
			buildPhases = (
				8B48EC46D7DAD10922226CB7 /* [CP] Check Pods Manifest.lock */,
				D0D8C6B5255FCB5400690C9B /* Sources */,
				D0D8C6B6255FCB5400690C9B /* Frameworks */,
				D0D8C6B7255FCB5400690C9B /* Resources */,
				9B6369C6C0B3D31B5D86DC5B /* [CP] Embed Pods Frameworks */,
			);
			buildRules = (
			);
			dependencies = (
			);
			name = TestAPI_SwiftUI;
			productName = TestAPI_SwiftUI;
			productReference = D0D8C6B9255FCB5400690C9B /* TestAPI_SwiftUI.app */;
			productType = "com.apple.product-type.application";
		};
		D0D8C6C9255FCB5800690C9B /* TestAPI_SwiftUITests */ = {
			isa = PBXNativeTarget;
			buildConfigurationList = D0D8C6E1255FCB5800690C9B /* Build configuration list for PBXNativeTarget "TestAPI_SwiftUITests" */;
			buildPhases = (
				8175580F3A89FD90A7DDE30F /* [CP] Check Pods Manifest.lock */,
				D0D8C6C6255FCB5800690C9B /* Sources */,
				D0D8C6C7255FCB5800690C9B /* Frameworks */,
				D0D8C6C8255FCB5800690C9B /* Resources */,
			);
			buildRules = (
			);
			dependencies = (
				D0D8C6CC255FCB5800690C9B /* PBXTargetDependency */,
			);
			name = TestAPI_SwiftUITests;
			productName = TestAPI_SwiftUITests;
			productReference = D0D8C6CA255FCB5800690C9B /* TestAPI_SwiftUITests.xctest */;
			productType = "com.apple.product-type.bundle.unit-test";
		};
		D0D8C6D4255FCB5800690C9B /* TestAPI_SwiftUIUITests */ = {
			isa = PBXNativeTarget;
			buildConfigurationList = D0D8C6E4255FCB5800690C9B /* Build configuration list for PBXNativeTarget "TestAPI_SwiftUIUITests" */;
			buildPhases = (
				1198C327A8C74611EF6659A2 /* [CP] Check Pods Manifest.lock */,
				D0D8C6D1255FCB5800690C9B /* Sources */,
				D0D8C6D2255FCB5800690C9B /* Frameworks */,
				D0D8C6D3255FCB5800690C9B /* Resources */,
				B5D6B12AB124145190FA5AA3 /* [CP] Embed Pods Frameworks */,
			);
			buildRules = (
			);
			dependencies = (
				D0D8C6D7255FCB5800690C9B /* PBXTargetDependency */,
			);
			name = TestAPI_SwiftUIUITests;
			productName = TestAPI_SwiftUIUITests;
			productReference = D0D8C6D5255FCB5800690C9B /* TestAPI_SwiftUIUITests.xctest */;
			productType = "com.apple.product-type.bundle.ui-testing";
		};
/* End PBXNativeTarget section */

/* Begin PBXProject section */
		D0D8C6B1255FCB5400690C9B /* Project object */ = {
			isa = PBXProject;
			attributes = {
				LastSwiftUpdateCheck = 1220;
				LastUpgradeCheck = 1220;
				TargetAttributes = {
					D0D8C6B8255FCB5400690C9B = {
						CreatedOnToolsVersion = 12.2;
					};
					D0D8C6C9255FCB5800690C9B = {
						CreatedOnToolsVersion = 12.2;
						TestTargetID = D0D8C6B8255FCB5400690C9B;
					};
					D0D8C6D4255FCB5800690C9B = {
						CreatedOnToolsVersion = 12.2;
						TestTargetID = D0D8C6B8255FCB5400690C9B;
					};
				};
			};
			buildConfigurationList = D0D8C6B4255FCB5400690C9B /* Build configuration list for PBXProject "TestAPI_SwiftUI" */;
			compatibilityVersion = "Xcode 9.3";
			developmentRegion = en;
			hasScannedForEncodings = 0;
			knownRegions = (
				en,
				Base,
			);
			mainGroup = D0D8C6B0255FCB5400690C9B;
			productRefGroup = D0D8C6BA255FCB5400690C9B /* Products */;
			projectDirPath = "";
			projectRoot = "";
			targets = (
				D0D8C6B8255FCB5400690C9B /* TestAPI_SwiftUI */,
				D0D8C6C9255FCB5800690C9B /* TestAPI_SwiftUITests */,
				D0D8C6D4255FCB5800690C9B /* TestAPI_SwiftUIUITests */,
			);
		};
/* End PBXProject section */

/* Begin PBXResourcesBuildPhase section */
		D0D8C6B7255FCB5400690C9B /* Resources */ = {
			isa = PBXResourcesBuildPhase;
			buildActionMask = 2147483647;
			files = (
				D0D8C6C4255FCB5800690C9B /* Preview Assets.xcassets in Resources */,
				D0D8C6C1255FCB5800690C9B /* Assets.xcassets in Resources */,
			);
			runOnlyForDeploymentPostprocessing = 0;
		};
		D0D8C6C8255FCB5800690C9B /* Resources */ = {
			isa = PBXResourcesBuildPhase;
			buildActionMask = 2147483647;
			files = (
			);
			runOnlyForDeploymentPostprocessing = 0;
		};
		D0D8C6D3255FCB5800690C9B /* Resources */ = {
			isa = PBXResourcesBuildPhase;
			buildActionMask = 2147483647;
			files = (
			);
			runOnlyForDeploymentPostprocessing = 0;
		};
/* End PBXResourcesBuildPhase section */

/* Begin PBXShellScriptBuildPhase section */
		1198C327A8C74611EF6659A2 /* [CP] Check Pods Manifest.lock */ = {
			isa = PBXShellScriptBuildPhase;
			buildActionMask = 2147483647;
			files = (
			);
			inputFileListPaths = (
			);
			inputPaths = (
				"${PODS_PODFILE_DIR_PATH}/Podfile.lock",
				"${PODS_ROOT}/Manifest.lock",
			);
			name = "[CP] Check Pods Manifest.lock";
			outputFileListPaths = (
			);
			outputPaths = (
				"$(DERIVED_FILE_DIR)/Pods-TestAPI_SwiftUI-TestAPI_SwiftUIUITests-checkManifestLockResult.txt",
			);
			runOnlyForDeploymentPostprocessing = 0;
			shellPath = /bin/sh;
			shellScript = "diff \"${PODS_PODFILE_DIR_PATH}/Podfile.lock\" \"${PODS_ROOT}/Manifest.lock\" > /dev/null\nif [ $? != 0 ] ; then\n    # print error to STDERR\n    echo \"error: The sandbox is not in sync with the Podfile.lock. Run 'pod install' or update your CocoaPods installation.\" >&2\n    exit 1\nfi\n# This output is used by Xcode 'outputs' to avoid re-running this script phase.\necho \"SUCCESS\" > \"${SCRIPT_OUTPUT_FILE_0}\"\n";
			showEnvVarsInLog = 0;
		};
		8175580F3A89FD90A7DDE30F /* [CP] Check Pods Manifest.lock */ = {
			isa = PBXShellScriptBuildPhase;
			buildActionMask = 2147483647;
			files = (
			);
			inputFileListPaths = (
			);
			inputPaths = (
				"${PODS_PODFILE_DIR_PATH}/Podfile.lock",
				"${PODS_ROOT}/Manifest.lock",
			);
			name = "[CP] Check Pods Manifest.lock";
			outputFileListPaths = (
			);
			outputPaths = (
				"$(DERIVED_FILE_DIR)/Pods-TestAPI_SwiftUITests-checkManifestLockResult.txt",
			);
			runOnlyForDeploymentPostprocessing = 0;
			shellPath = /bin/sh;
			shellScript = "diff \"${PODS_PODFILE_DIR_PATH}/Podfile.lock\" \"${PODS_ROOT}/Manifest.lock\" > /dev/null\nif [ $? != 0 ] ; then\n    # print error to STDERR\n    echo \"error: The sandbox is not in sync with the Podfile.lock. Run 'pod install' or update your CocoaPods installation.\" >&2\n    exit 1\nfi\n# This output is used by Xcode 'outputs' to avoid re-running this script phase.\necho \"SUCCESS\" > \"${SCRIPT_OUTPUT_FILE_0}\"\n";
			showEnvVarsInLog = 0;
		};
		8B48EC46D7DAD10922226CB7 /* [CP] Check Pods Manifest.lock */ = {
			isa = PBXShellScriptBuildPhase;
			buildActionMask = 2147483647;
			files = (
			);
			inputFileListPaths = (
			);
			inputPaths = (
				"${PODS_PODFILE_DIR_PATH}/Podfile.lock",
				"${PODS_ROOT}/Manifest.lock",
			);
			name = "[CP] Check Pods Manifest.lock";
			outputFileListPaths = (
			);
			outputPaths = (
				"$(DERIVED_FILE_DIR)/Pods-TestAPI_SwiftUI-checkManifestLockResult.txt",
			);
			runOnlyForDeploymentPostprocessing = 0;
			shellPath = /bin/sh;
			shellScript = "diff \"${PODS_PODFILE_DIR_PATH}/Podfile.lock\" \"${PODS_ROOT}/Manifest.lock\" > /dev/null\nif [ $? != 0 ] ; then\n    # print error to STDERR\n    echo \"error: The sandbox is not in sync with the Podfile.lock. Run 'pod install' or update your CocoaPods installation.\" >&2\n    exit 1\nfi\n# This output is used by Xcode 'outputs' to avoid re-running this script phase.\necho \"SUCCESS\" > \"${SCRIPT_OUTPUT_FILE_0}\"\n";
			showEnvVarsInLog = 0;
		};
		9B6369C6C0B3D31B5D86DC5B /* [CP] Embed Pods Frameworks */ = {
			isa = PBXShellScriptBuildPhase;
			buildActionMask = 2147483647;
			files = (
			);
			inputFileListPaths = (
				"${PODS_ROOT}/Target Support Files/Pods-TestAPI_SwiftUI/Pods-TestAPI_SwiftUI-frameworks-${CONFIGURATION}-input-files.xcfilelist",
			);
			name = "[CP] Embed Pods Frameworks";
			outputFileListPaths = (
				"${PODS_ROOT}/Target Support Files/Pods-TestAPI_SwiftUI/Pods-TestAPI_SwiftUI-frameworks-${CONFIGURATION}-output-files.xcfilelist",
			);
			runOnlyForDeploymentPostprocessing = 0;
			shellPath = /bin/sh;
			shellScript = "\"${PODS_ROOT}/Target Support Files/Pods-TestAPI_SwiftUI/Pods-TestAPI_SwiftUI-frameworks.sh\"\n";
			showEnvVarsInLog = 0;
		};
		B5D6B12AB124145190FA5AA3 /* [CP] Embed Pods Frameworks */ = {
			isa = PBXShellScriptBuildPhase;
			buildActionMask = 2147483647;
			files = (
			);
			inputFileListPaths = (
				"${PODS_ROOT}/Target Support Files/Pods-TestAPI_SwiftUI-TestAPI_SwiftUIUITests/Pods-TestAPI_SwiftUI-TestAPI_SwiftUIUITests-frameworks-${CONFIGURATION}-input-files.xcfilelist",
			);
			name = "[CP] Embed Pods Frameworks";
			outputFileListPaths = (
				"${PODS_ROOT}/Target Support Files/Pods-TestAPI_SwiftUI-TestAPI_SwiftUIUITests/Pods-TestAPI_SwiftUI-TestAPI_SwiftUIUITests-frameworks-${CONFIGURATION}-output-files.xcfilelist",
			);
			runOnlyForDeploymentPostprocessing = 0;
			shellPath = /bin/sh;
			shellScript = "\"${PODS_ROOT}/Target Support Files/Pods-TestAPI_SwiftUI-TestAPI_SwiftUIUITests/Pods-TestAPI_SwiftUI-TestAPI_SwiftUIUITests-frameworks.sh\"\n";
			showEnvVarsInLog = 0;
		};
/* End PBXShellScriptBuildPhase section */

/* Begin PBXSourcesBuildPhase section */
		D0D8C6B5255FCB5400690C9B /* Sources */ = {
			isa = PBXSourcesBuildPhase;
			buildActionMask = 2147483647;
			files = (
				D01417C4256104F70067C316 /* InputUserView.swift in Sources */,
				D0D8C6BF255FCB5400690C9B /* UserListView.swift in Sources */,
				D01417BC2560F7AD0067C316 /* Image_Extension.swift in Sources */,
				D01417C9256135640067C316 /* ImagePicker.swift in Sources */,
				D0933BBD255FD67500DDF37C /* UserViewModel.swift in Sources */,
				D0933BB5255FD66700DDF37C /* UsersModel.swift in Sources */,
				D0ED622F2560D4510001EBFB /* UserRow.swift in Sources */,
				D01417AF2560EEED0067C316 /* UserList.swift in Sources */,
				D0D8C6BD255FCB5400690C9B /* TestAPI_SwiftUIApp.swift in Sources */,
			);
			runOnlyForDeploymentPostprocessing = 0;
		};
		D0D8C6C6255FCB5800690C9B /* Sources */ = {
			isa = PBXSourcesBuildPhase;
			buildActionMask = 2147483647;
			files = (
				D0D8C6CF255FCB5800690C9B /* TestAPI_SwiftUITests.swift in Sources */,
			);
			runOnlyForDeploymentPostprocessing = 0;
		};
		D0D8C6D1255FCB5800690C9B /* Sources */ = {
			isa = PBXSourcesBuildPhase;
			buildActionMask = 2147483647;
			files = (
				D0D8C6DA255FCB5800690C9B /* TestAPI_SwiftUIUITests.swift in Sources */,
			);
			runOnlyForDeploymentPostprocessing = 0;
		};
/* End PBXSourcesBuildPhase section */

/* Begin PBXTargetDependency section */
		D0D8C6CC255FCB5800690C9B /* PBXTargetDependency */ = {
			isa = PBXTargetDependency;
			target = D0D8C6B8255FCB5400690C9B /* TestAPI_SwiftUI */;
			targetProxy = D0D8C6CB255FCB5800690C9B /* PBXContainerItemProxy */;
		};
		D0D8C6D7255FCB5800690C9B /* PBXTargetDependency */ = {
			isa = PBXTargetDependency;
			target = D0D8C6B8255FCB5400690C9B /* TestAPI_SwiftUI */;
			targetProxy = D0D8C6D6255FCB5800690C9B /* PBXContainerItemProxy */;
		};
/* End PBXTargetDependency section */

/* Begin XCBuildConfiguration section */
		D0D8C6DC255FCB5800690C9B /* Debug */ = {
			isa = XCBuildConfiguration;
			buildSettings = {
				ALWAYS_SEARCH_USER_PATHS = NO;
				CLANG_ANALYZER_NONNULL = YES;
				CLANG_ANALYZER_NUMBER_OBJECT_CONVERSION = YES_AGGRESSIVE;
				CLANG_CXX_LANGUAGE_STANDARD = "gnu++14";
				CLANG_CXX_LIBRARY = "libc++";
				CLANG_ENABLE_MODULES = YES;
				CLANG_ENABLE_OBJC_ARC = YES;
				CLANG_ENABLE_OBJC_WEAK = YES;
				CLANG_WARN_BLOCK_CAPTURE_AUTORELEASING = YES;
				CLANG_WARN_BOOL_CONVERSION = YES;
				CLANG_WARN_COMMA = YES;
				CLANG_WARN_CONSTANT_CONVERSION = YES;
				CLANG_WARN_DEPRECATED_OBJC_IMPLEMENTATIONS = YES;
				CLANG_WARN_DIRECT_OBJC_ISA_USAGE = YES_ERROR;
				CLANG_WARN_DOCUMENTATION_COMMENTS = YES;
				CLANG_WARN_EMPTY_BODY = YES;
				CLANG_WARN_ENUM_CONVERSION = YES;
				CLANG_WARN_INFINITE_RECURSION = YES;
				CLANG_WARN_INT_CONVERSION = YES;
				CLANG_WARN_NON_LITERAL_NULL_CONVERSION = YES;
				CLANG_WARN_OBJC_IMPLICIT_RETAIN_SELF = YES;
				CLANG_WARN_OBJC_LITERAL_CONVERSION = YES;
				CLANG_WARN_OBJC_ROOT_CLASS = YES_ERROR;
				CLANG_WARN_QUOTED_INCLUDE_IN_FRAMEWORK_HEADER = YES;
				CLANG_WARN_RANGE_LOOP_ANALYSIS = YES;
				CLANG_WARN_STRICT_PROTOTYPES = YES;
				CLANG_WARN_SUSPICIOUS_MOVE = YES;
				CLANG_WARN_UNGUARDED_AVAILABILITY = YES_AGGRESSIVE;
				CLANG_WARN_UNREACHABLE_CODE = YES;
				CLANG_WARN__DUPLICATE_METHOD_MATCH = YES;
				COPY_PHASE_STRIP = NO;
				DEBUG_INFORMATION_FORMAT = dwarf;
				ENABLE_STRICT_OBJC_MSGSEND = YES;
				ENABLE_TESTABILITY = YES;
				GCC_C_LANGUAGE_STANDARD = gnu11;
				GCC_DYNAMIC_NO_PIC = NO;
				GCC_NO_COMMON_BLOCKS = YES;
				GCC_OPTIMIZATION_LEVEL = 0;
				GCC_PREPROCESSOR_DEFINITIONS = (
					"DEBUG=1",
					"$(inherited)",
				);
				GCC_WARN_64_TO_32_BIT_CONVERSION = YES;
				GCC_WARN_ABOUT_RETURN_TYPE = YES_ERROR;
				GCC_WARN_UNDECLARED_SELECTOR = YES;
				GCC_WARN_UNINITIALIZED_AUTOS = YES_AGGRESSIVE;
				GCC_WARN_UNUSED_FUNCTION = YES;
				GCC_WARN_UNUSED_VARIABLE = YES;
				IPHONEOS_DEPLOYMENT_TARGET = 14.2;
				MTL_ENABLE_DEBUG_INFO = INCLUDE_SOURCE;
				MTL_FAST_MATH = YES;
				ONLY_ACTIVE_ARCH = YES;
				SDKROOT = iphoneos;
				SWIFT_ACTIVE_COMPILATION_CONDITIONS = DEBUG;
				SWIFT_OPTIMIZATION_LEVEL = "-Onone";
			};
			name = Debug;
		};
		D0D8C6DD255FCB5800690C9B /* Release */ = {
			isa = XCBuildConfiguration;
			buildSettings = {
				ALWAYS_SEARCH_USER_PATHS = NO;
				CLANG_ANALYZER_NONNULL = YES;
				CLANG_ANALYZER_NUMBER_OBJECT_CONVERSION = YES_AGGRESSIVE;
				CLANG_CXX_LANGUAGE_STANDARD = "gnu++14";
				CLANG_CXX_LIBRARY = "libc++";
				CLANG_ENABLE_MODULES = YES;
				CLANG_ENABLE_OBJC_ARC = YES;
				CLANG_ENABLE_OBJC_WEAK = YES;
				CLANG_WARN_BLOCK_CAPTURE_AUTORELEASING = YES;
				CLANG_WARN_BOOL_CONVERSION = YES;
				CLANG_WARN_COMMA = YES;
				CLANG_WARN_CONSTANT_CONVERSION = YES;
				CLANG_WARN_DEPRECATED_OBJC_IMPLEMENTATIONS = YES;
				CLANG_WARN_DIRECT_OBJC_ISA_USAGE = YES_ERROR;
				CLANG_WARN_DOCUMENTATION_COMMENTS = YES;
				CLANG_WARN_EMPTY_BODY = YES;
				CLANG_WARN_ENUM_CONVERSION = YES;
				CLANG_WARN_INFINITE_RECURSION = YES;
				CLANG_WARN_INT_CONVERSION = YES;
				CLANG_WARN_NON_LITERAL_NULL_CONVERSION = YES;
				CLANG_WARN_OBJC_IMPLICIT_RETAIN_SELF = YES;
				CLANG_WARN_OBJC_LITERAL_CONVERSION = YES;
				CLANG_WARN_OBJC_ROOT_CLASS = YES_ERROR;
				CLANG_WARN_QUOTED_INCLUDE_IN_FRAMEWORK_HEADER = YES;
				CLANG_WARN_RANGE_LOOP_ANALYSIS = YES;
				CLANG_WARN_STRICT_PROTOTYPES = YES;
				CLANG_WARN_SUSPICIOUS_MOVE = YES;
				CLANG_WARN_UNGUARDED_AVAILABILITY = YES_AGGRESSIVE;
				CLANG_WARN_UNREACHABLE_CODE = YES;
				CLANG_WARN__DUPLICATE_METHOD_MATCH = YES;
				COPY_PHASE_STRIP = NO;
				DEBUG_INFORMATION_FORMAT = "dwarf-with-dsym";
				ENABLE_NS_ASSERTIONS = NO;
				ENABLE_STRICT_OBJC_MSGSEND = YES;
				GCC_C_LANGUAGE_STANDARD = gnu11;
				GCC_NO_COMMON_BLOCKS = YES;
				GCC_WARN_64_TO_32_BIT_CONVERSION = YES;
				GCC_WARN_ABOUT_RETURN_TYPE = YES_ERROR;
				GCC_WARN_UNDECLARED_SELECTOR = YES;
				GCC_WARN_UNINITIALIZED_AUTOS = YES_AGGRESSIVE;
				GCC_WARN_UNUSED_FUNCTION = YES;
				GCC_WARN_UNUSED_VARIABLE = YES;
				IPHONEOS_DEPLOYMENT_TARGET = 14.2;
				MTL_ENABLE_DEBUG_INFO = NO;
				MTL_FAST_MATH = YES;
				SDKROOT = iphoneos;
				SWIFT_COMPILATION_MODE = wholemodule;
				SWIFT_OPTIMIZATION_LEVEL = "-O";
				VALIDATE_PRODUCT = YES;
			};
			name = Release;
		};
		D0D8C6DF255FCB5800690C9B /* Debug */ = {
			isa = XCBuildConfiguration;
			baseConfigurationReference = E349AE32C5DACD15071B7FA3 /* Pods-TestAPI_SwiftUI.debug.xcconfig */;
			buildSettings = {
				ASSETCATALOG_COMPILER_APPICON_NAME = AppIcon;
				ASSETCATALOG_COMPILER_GLOBAL_ACCENT_COLOR_NAME = AccentColor;
				CODE_SIGN_STYLE = Automatic;
				DEVELOPMENT_ASSET_PATHS = "\"TestAPI_SwiftUI/Preview Content\"";
				DEVELOPMENT_TEAM = 7RPFL7EXKD;
				ENABLE_PREVIEWS = YES;
				INFOPLIST_FILE = TestAPI_SwiftUI/Info.plist;
				IPHONEOS_DEPLOYMENT_TARGET = 14.0;
				LD_RUNPATH_SEARCH_PATHS = (
					"$(inherited)",
					"@executable_path/Frameworks",
				);
				PRODUCT_BUNDLE_IDENTIFIER = "m.dobashi.TestAPI-SwiftUI";
				PRODUCT_NAME = "$(TARGET_NAME)";
				SWIFT_VERSION = 5.0;
				TARGETED_DEVICE_FAMILY = "1,2";
			};
			name = Debug;
		};
		D0D8C6E0255FCB5800690C9B /* Release */ = {
			isa = XCBuildConfiguration;
			baseConfigurationReference = C5925CDF58D59CE4E96548DF /* Pods-TestAPI_SwiftUI.release.xcconfig */;
			buildSettings = {
				ASSETCATALOG_COMPILER_APPICON_NAME = AppIcon;
				ASSETCATALOG_COMPILER_GLOBAL_ACCENT_COLOR_NAME = AccentColor;
				CODE_SIGN_STYLE = Automatic;
				DEVELOPMENT_ASSET_PATHS = "\"TestAPI_SwiftUI/Preview Content\"";
				DEVELOPMENT_TEAM = 7RPFL7EXKD;
				ENABLE_PREVIEWS = YES;
				INFOPLIST_FILE = TestAPI_SwiftUI/Info.plist;
				IPHONEOS_DEPLOYMENT_TARGET = 14.0;
				LD_RUNPATH_SEARCH_PATHS = (
					"$(inherited)",
					"@executable_path/Frameworks",
				);
				PRODUCT_BUNDLE_IDENTIFIER = "m.dobashi.TestAPI-SwiftUI";
				PRODUCT_NAME = "$(TARGET_NAME)";
				SWIFT_VERSION = 5.0;
				TARGETED_DEVICE_FAMILY = "1,2";
			};
			name = Release;
		};
		D0D8C6E2255FCB5800690C9B /* Debug */ = {
			isa = XCBuildConfiguration;
			baseConfigurationReference = F13D2470AF5D0141A1C9565F /* Pods-TestAPI_SwiftUITests.debug.xcconfig */;
			buildSettings = {
				ALWAYS_EMBED_SWIFT_STANDARD_LIBRARIES = YES;
				BUNDLE_LOADER = "$(TEST_HOST)";
				CODE_SIGN_STYLE = Automatic;
				DEVELOPMENT_TEAM = 7RPFL7EXKD;
				INFOPLIST_FILE = TestAPI_SwiftUITests/Info.plist;
				IPHONEOS_DEPLOYMENT_TARGET = 14.0;
				LD_RUNPATH_SEARCH_PATHS = (
					"$(inherited)",
					"@executable_path/Frameworks",
					"@loader_path/Frameworks",
				);
				PRODUCT_BUNDLE_IDENTIFIER = "m.dobashi.TestAPI-SwiftUITests";
				PRODUCT_NAME = "$(TARGET_NAME)";
				SWIFT_VERSION = 5.0;
				TARGETED_DEVICE_FAMILY = "1,2";
				TEST_HOST = "$(BUILT_PRODUCTS_DIR)/TestAPI_SwiftUI.app/TestAPI_SwiftUI";
			};
			name = Debug;
		};
		D0D8C6E3255FCB5800690C9B /* Release */ = {
			isa = XCBuildConfiguration;
			baseConfigurationReference = AC5D359B81726220BB8AE560 /* Pods-TestAPI_SwiftUITests.release.xcconfig */;
			buildSettings = {
				ALWAYS_EMBED_SWIFT_STANDARD_LIBRARIES = YES;
				BUNDLE_LOADER = "$(TEST_HOST)";
				CODE_SIGN_STYLE = Automatic;
				DEVELOPMENT_TEAM = 7RPFL7EXKD;
				INFOPLIST_FILE = TestAPI_SwiftUITests/Info.plist;
				IPHONEOS_DEPLOYMENT_TARGET = 14.0;
				LD_RUNPATH_SEARCH_PATHS = (
					"$(inherited)",
					"@executable_path/Frameworks",
					"@loader_path/Frameworks",
				);
				PRODUCT_BUNDLE_IDENTIFIER = "m.dobashi.TestAPI-SwiftUITests";
				PRODUCT_NAME = "$(TARGET_NAME)";
				SWIFT_VERSION = 5.0;
				TARGETED_DEVICE_FAMILY = "1,2";
				TEST_HOST = "$(BUILT_PRODUCTS_DIR)/TestAPI_SwiftUI.app/TestAPI_SwiftUI";
			};
			name = Release;
		};
		D0D8C6E5255FCB5800690C9B /* Debug */ = {
			isa = XCBuildConfiguration;
			baseConfigurationReference = C77CEDA7201870DF53B00821 /* Pods-TestAPI_SwiftUI-TestAPI_SwiftUIUITests.debug.xcconfig */;
			buildSettings = {
				ALWAYS_EMBED_SWIFT_STANDARD_LIBRARIES = YES;
				CODE_SIGN_STYLE = Automatic;
				DEVELOPMENT_TEAM = 7RPFL7EXKD;
				INFOPLIST_FILE = TestAPI_SwiftUIUITests/Info.plist;
				LD_RUNPATH_SEARCH_PATHS = (
					"$(inherited)",
					"@executable_path/Frameworks",
					"@loader_path/Frameworks",
				);
				PRODUCT_BUNDLE_IDENTIFIER = "m.dobashi.TestAPI-SwiftUIUITests";
				PRODUCT_NAME = "$(TARGET_NAME)";
				SWIFT_VERSION = 5.0;
				TARGETED_DEVICE_FAMILY = "1,2";
				TEST_TARGET_NAME = TestAPI_SwiftUI;
			};
			name = Debug;
		};
		D0D8C6E6255FCB5800690C9B /* Release */ = {
			isa = XCBuildConfiguration;
			baseConfigurationReference = AB3E9034CCD6E763CC0167E0 /* Pods-TestAPI_SwiftUI-TestAPI_SwiftUIUITests.release.xcconfig */;
			buildSettings = {
				ALWAYS_EMBED_SWIFT_STANDARD_LIBRARIES = YES;
				CODE_SIGN_STYLE = Automatic;
				DEVELOPMENT_TEAM = 7RPFL7EXKD;
				INFOPLIST_FILE = TestAPI_SwiftUIUITests/Info.plist;
				LD_RUNPATH_SEARCH_PATHS = (
					"$(inherited)",
					"@executable_path/Frameworks",
					"@loader_path/Frameworks",
				);
				PRODUCT_BUNDLE_IDENTIFIER = "m.dobashi.TestAPI-SwiftUIUITests";
				PRODUCT_NAME = "$(TARGET_NAME)";
				SWIFT_VERSION = 5.0;
				TARGETED_DEVICE_FAMILY = "1,2";
				TEST_TARGET_NAME = TestAPI_SwiftUI;
			};
			name = Release;
		};
/* End XCBuildConfiguration section */

/* Begin XCConfigurationList section */
		D0D8C6B4255FCB5400690C9B /* Build configuration list for PBXProject "TestAPI_SwiftUI" */ = {
			isa = XCConfigurationList;
			buildConfigurations = (
				D0D8C6DC255FCB5800690C9B /* Debug */,
				D0D8C6DD255FCB5800690C9B /* Release */,
			);
			defaultConfigurationIsVisible = 0;
			defaultConfigurationName = Release;
		};
		D0D8C6DE255FCB5800690C9B /* Build configuration list for PBXNativeTarget "TestAPI_SwiftUI" */ = {
			isa = XCConfigurationList;
			buildConfigurations = (
				D0D8C6DF255FCB5800690C9B /* Debug */,
				D0D8C6E0255FCB5800690C9B /* Release */,
			);
			defaultConfigurationIsVisible = 0;
			defaultConfigurationName = Release;
		};
		D0D8C6E1255FCB5800690C9B /* Build configuration list for PBXNativeTarget "TestAPI_SwiftUITests" */ = {
			isa = XCConfigurationList;
			buildConfigurations = (
				D0D8C6E2255FCB5800690C9B /* Debug */,
				D0D8C6E3255FCB5800690C9B /* Release */,
			);
			defaultConfigurationIsVisible = 0;
			defaultConfigurationName = Release;
		};
		D0D8C6E4255FCB5800690C9B /* Build configuration list for PBXNativeTarget "TestAPI_SwiftUIUITests" */ = {
			isa = XCConfigurationList;
			buildConfigurations = (
				D0D8C6E5255FCB5800690C9B /* Debug */,
				D0D8C6E6255FCB5800690C9B /* Release */,
			);
			defaultConfigurationIsVisible = 0;
			defaultConfigurationName = Release;
		};
/* End XCConfigurationList section */
	};
	rootObject = D0D8C6B1255FCB5400690C9B /* Project object */;
}
